// !$*UTF8*$!
{
	archiveVersion = 1;
	classes = {
	};
	objectVersion = 50;
	objects = {

/* Begin PBXBuildFile section */
		02398BB124D85E7B0049C53E /* AppDelegate.swift in Sources */ = {isa = PBXBuildFile; fileRef = 02398BB024D85E7B0049C53E /* AppDelegate.swift */; };
		02398BB324D85E7B0049C53E /* SceneDelegate.swift in Sources */ = {isa = PBXBuildFile; fileRef = 02398BB224D85E7B0049C53E /* SceneDelegate.swift */; };
		02398BB524D85E7B0049C53E /* ViewController.swift in Sources */ = {isa = PBXBuildFile; fileRef = 02398BB424D85E7B0049C53E /* ViewController.swift */; };
		02398BB824D85E7B0049C53E /* Main.storyboard in Resources */ = {isa = PBXBuildFile; fileRef = 02398BB624D85E7B0049C53E /* Main.storyboard */; };
		02398BBA24D85E840049C53E /* Assets.xcassets in Resources */ = {isa = PBXBuildFile; fileRef = 02398BB924D85E840049C53E /* Assets.xcassets */; };
		02398BBD24D85E840049C53E /* LaunchScreen.storyboard in Resources */ = {isa = PBXBuildFile; fileRef = 02398BBB24D85E840049C53E /* LaunchScreen.storyboard */; };
		02398BC824D85E840049C53E /* mentosGeyserTests.swift in Sources */ = {isa = PBXBuildFile; fileRef = 02398BC724D85E840049C53E /* mentosGeyserTests.swift */; };
		02398BD324D85E840049C53E /* mentosGeyserUITests.swift in Sources */ = {isa = PBXBuildFile; fileRef = 02398BD224D85E840049C53E /* mentosGeyserUITests.swift */; };
		468B5A298BD3D70FF8A6BED8 /* Pods_mentosGeyser_mentosGeyserUITests.framework in Frameworks */ = {isa = PBXBuildFile; fileRef = 8D856372B93C9BD784C5C36E /* Pods_mentosGeyser_mentosGeyserUITests.framework */; };
		988D06152091D360D91D4C48 /* Pods_mentosGeyser.framework in Frameworks */ = {isa = PBXBuildFile; fileRef = 81D970E4A461C31096875DFE /* Pods_mentosGeyser.framework */; };
		D785C3A8EBCA54786201335D /* Pods_mentosGeyserTests.framework in Frameworks */ = {isa = PBXBuildFile; fileRef = FF6C605DBC098E3108702064 /* Pods_mentosGeyserTests.framework */; };
/* End PBXBuildFile section */

/* Begin PBXContainerItemProxy section */
		02398BC424D85E840049C53E /* PBXContainerItemProxy */ = {
			isa = PBXContainerItemProxy;
			containerPortal = 02398BA524D85E7B0049C53E /* Project object */;
			proxyType = 1;
			remoteGlobalIDString = 02398BAC24D85E7B0049C53E;
			remoteInfo = mentosGeyser;
		};
		02398BCF24D85E840049C53E /* PBXContainerItemProxy */ = {
			isa = PBXContainerItemProxy;
			containerPortal = 02398BA524D85E7B0049C53E /* Project object */;
			proxyType = 1;
			remoteGlobalIDString = 02398BAC24D85E7B0049C53E;
			remoteInfo = mentosGeyser;
		};
/* End PBXContainerItemProxy section */

/* Begin PBXFileReference section */
		02398BAD24D85E7B0049C53E /* mentosGeyser.app */ = {isa = PBXFileReference; explicitFileType = wrapper.application; includeInIndex = 0; path = mentosGeyser.app; sourceTree = BUILT_PRODUCTS_DIR; };
		02398BB024D85E7B0049C53E /* AppDelegate.swift */ = {isa = PBXFileReference; lastKnownFileType = sourcecode.swift; path = AppDelegate.swift; sourceTree = "<group>"; };
		02398BB224D85E7B0049C53E /* SceneDelegate.swift */ = {isa = PBXFileReference; lastKnownFileType = sourcecode.swift; path = SceneDelegate.swift; sourceTree = "<group>"; };
		02398BB424D85E7B0049C53E /* ViewController.swift */ = {isa = PBXFileReference; lastKnownFileType = sourcecode.swift; path = ViewController.swift; sourceTree = "<group>"; };
		02398BB724D85E7B0049C53E /* Base */ = {isa = PBXFileReference; lastKnownFileType = file.storyboard; name = Base; path = Base.lproj/Main.storyboard; sourceTree = "<group>"; };
		02398BB924D85E840049C53E /* Assets.xcassets */ = {isa = PBXFileReference; lastKnownFileType = folder.assetcatalog; path = Assets.xcassets; sourceTree = "<group>"; };
		02398BBC24D85E840049C53E /* Base */ = {isa = PBXFileReference; lastKnownFileType = file.storyboard; name = Base; path = Base.lproj/LaunchScreen.storyboard; sourceTree = "<group>"; };
		02398BBE24D85E840049C53E /* Info.plist */ = {isa = PBXFileReference; lastKnownFileType = text.plist.xml; path = Info.plist; sourceTree = "<group>"; };
		02398BC324D85E840049C53E /* mentosGeyserTests.xctest */ = {isa = PBXFileReference; explicitFileType = wrapper.cfbundle; includeInIndex = 0; path = mentosGeyserTests.xctest; sourceTree = BUILT_PRODUCTS_DIR; };
		02398BC724D85E840049C53E /* mentosGeyserTests.swift */ = {isa = PBXFileReference; lastKnownFileType = sourcecode.swift; path = mentosGeyserTests.swift; sourceTree = "<group>"; };
		02398BC924D85E840049C53E /* Info.plist */ = {isa = PBXFileReference; lastKnownFileType = text.plist.xml; path = Info.plist; sourceTree = "<group>"; };
		02398BCE24D85E840049C53E /* mentosGeyserUITests.xctest */ = {isa = PBXFileReference; explicitFileType = wrapper.cfbundle; includeInIndex = 0; path = mentosGeyserUITests.xctest; sourceTree = BUILT_PRODUCTS_DIR; };
		02398BD224D85E840049C53E /* mentosGeyserUITests.swift */ = {isa = PBXFileReference; lastKnownFileType = sourcecode.swift; path = mentosGeyserUITests.swift; sourceTree = "<group>"; };
		02398BD424D85E840049C53E /* Info.plist */ = {isa = PBXFileReference; lastKnownFileType = text.plist.xml; path = Info.plist; sourceTree = "<group>"; };
		0FEFFBC762D5FDB818E36400 /* Pods-mentosGeyserTests.debug.xcconfig */ = {isa = PBXFileReference; includeInIndex = 1; lastKnownFileType = text.xcconfig; name = "Pods-mentosGeyserTests.debug.xcconfig"; path = "Target Support Files/Pods-mentosGeyserTests/Pods-mentosGeyserTests.debug.xcconfig"; sourceTree = "<group>"; };
		1196B82CDF86841F27F4A7C8 /* Pods-mentosGeyser-mentosGeyserUITests.debug.xcconfig */ = {isa = PBXFileReference; includeInIndex = 1; lastKnownFileType = text.xcconfig; name = "Pods-mentosGeyser-mentosGeyserUITests.debug.xcconfig"; path = "Target Support Files/Pods-mentosGeyser-mentosGeyserUITests/Pods-mentosGeyser-mentosGeyserUITests.debug.xcconfig"; sourceTree = "<group>"; };
		81D970E4A461C31096875DFE /* Pods_mentosGeyser.framework */ = {isa = PBXFileReference; explicitFileType = wrapper.framework; includeInIndex = 0; path = Pods_mentosGeyser.framework; sourceTree = BUILT_PRODUCTS_DIR; };
		8D856372B93C9BD784C5C36E /* Pods_mentosGeyser_mentosGeyserUITests.framework */ = {isa = PBXFileReference; explicitFileType = wrapper.framework; includeInIndex = 0; path = Pods_mentosGeyser_mentosGeyserUITests.framework; sourceTree = BUILT_PRODUCTS_DIR; };
		99C80D1A6B50589F37951A0E /* Pods-mentosGeyserTests.release.xcconfig */ = {isa = PBXFileReference; includeInIndex = 1; lastKnownFileType = text.xcconfig; name = "Pods-mentosGeyserTests.release.xcconfig"; path = "Target Support Files/Pods-mentosGeyserTests/Pods-mentosGeyserTests.release.xcconfig"; sourceTree = "<group>"; };
		D118B6F5C6FF1721FC6963D9 /* Pods-mentosGeyser.debug.xcconfig */ = {isa = PBXFileReference; includeInIndex = 1; lastKnownFileType = text.xcconfig; name = "Pods-mentosGeyser.debug.xcconfig"; path = "Target Support Files/Pods-mentosGeyser/Pods-mentosGeyser.debug.xcconfig"; sourceTree = "<group>"; };
		D22FAE1D27D1B10F50FD6DD9 /* Pods-mentosGeyser-mentosGeyserUITests.release.xcconfig */ = {isa = PBXFileReference; includeInIndex = 1; lastKnownFileType = text.xcconfig; name = "Pods-mentosGeyser-mentosGeyserUITests.release.xcconfig"; path = "Target Support Files/Pods-mentosGeyser-mentosGeyserUITests/Pods-mentosGeyser-mentosGeyserUITests.release.xcconfig"; sourceTree = "<group>"; };
		F2476D90124F19E2A25ECCFC /* Pods-mentosGeyser.release.xcconfig */ = {isa = PBXFileReference; includeInIndex = 1; lastKnownFileType = text.xcconfig; name = "Pods-mentosGeyser.release.xcconfig"; path = "Target Support Files/Pods-mentosGeyser/Pods-mentosGeyser.release.xcconfig"; sourceTree = "<group>"; };
		FF6C605DBC098E3108702064 /* Pods_mentosGeyserTests.framework */ = {isa = PBXFileReference; explicitFileType = wrapper.framework; includeInIndex = 0; path = Pods_mentosGeyserTests.framework; sourceTree = BUILT_PRODUCTS_DIR; };
/* End PBXFileReference section */

/* Begin PBXFrameworksBuildPhase section */
		02398BAA24D85E7B0049C53E /* Frameworks */ = {
			isa = PBXFrameworksBuildPhase;
			buildActionMask = 2147483647;
			files = (
				988D06152091D360D91D4C48 /* Pods_mentosGeyser.framework in Frameworks */,
			);
			runOnlyForDeploymentPostprocessing = 0;
		};
		02398BC024D85E840049C53E /* Frameworks */ = {
			isa = PBXFrameworksBuildPhase;
			buildActionMask = 2147483647;
			files = (
				D785C3A8EBCA54786201335D /* Pods_mentosGeyserTests.framework in Frameworks */,
			);
			runOnlyForDeploymentPostprocessing = 0;
		};
		02398BCB24D85E840049C53E /* Frameworks */ = {
			isa = PBXFrameworksBuildPhase;
			buildActionMask = 2147483647;
			files = (
				468B5A298BD3D70FF8A6BED8 /* Pods_mentosGeyser_mentosGeyserUITests.framework in Frameworks */,
			);
			runOnlyForDeploymentPostprocessing = 0;
		};
/* End PBXFrameworksBuildPhase section */

/* Begin PBXGroup section */
		02398BA424D85E7B0049C53E = {
			isa = PBXGroup;
			children = (
				02398BAF24D85E7B0049C53E /* mentosGeyser */,
				02398BC624D85E840049C53E /* mentosGeyserTests */,
				02398BD124D85E840049C53E /* mentosGeyserUITests */,
				02398BAE24D85E7B0049C53E /* Products */,
				587922D50539475177357A43 /* Pods */,
				26A148974A21AAE14CDAA368 /* Frameworks */,
			);
			sourceTree = "<group>";
		};
		02398BAE24D85E7B0049C53E /* Products */ = {
			isa = PBXGroup;
			children = (
				02398BAD24D85E7B0049C53E /* mentosGeyser.app */,
				02398BC324D85E840049C53E /* mentosGeyserTests.xctest */,
				02398BCE24D85E840049C53E /* mentosGeyserUITests.xctest */,
			);
			name = Products;
			sourceTree = "<group>";
		};
		02398BAF24D85E7B0049C53E /* mentosGeyser */ = {
			isa = PBXGroup;
			children = (
				02398BB024D85E7B0049C53E /* AppDelegate.swift */,
				02398BB224D85E7B0049C53E /* SceneDelegate.swift */,
				02398BB424D85E7B0049C53E /* ViewController.swift */,
				02398BB624D85E7B0049C53E /* Main.storyboard */,
				02398BB924D85E840049C53E /* Assets.xcassets */,
				02398BBB24D85E840049C53E /* LaunchScreen.storyboard */,
				02398BBE24D85E840049C53E /* Info.plist */,
			);
			path = mentosGeyser;
			sourceTree = "<group>";
		};
		02398BC624D85E840049C53E /* mentosGeyserTests */ = {
			isa = PBXGroup;
			children = (
				02398BC724D85E840049C53E /* mentosGeyserTests.swift */,
				02398BC924D85E840049C53E /* Info.plist */,
			);
			path = mentosGeyserTests;
			sourceTree = "<group>";
		};
		02398BD124D85E840049C53E /* mentosGeyserUITests */ = {
			isa = PBXGroup;
			children = (
				02398BD224D85E840049C53E /* mentosGeyserUITests.swift */,
				02398BD424D85E840049C53E /* Info.plist */,
			);
			path = mentosGeyserUITests;
			sourceTree = "<group>";
		};
		26A148974A21AAE14CDAA368 /* Frameworks */ = {
			isa = PBXGroup;
			children = (
				81D970E4A461C31096875DFE /* Pods_mentosGeyser.framework */,
				8D856372B93C9BD784C5C36E /* Pods_mentosGeyser_mentosGeyserUITests.framework */,
				FF6C605DBC098E3108702064 /* Pods_mentosGeyserTests.framework */,
			);
			name = Frameworks;
			sourceTree = "<group>";
		};
		587922D50539475177357A43 /* Pods */ = {
			isa = PBXGroup;
			children = (
				D118B6F5C6FF1721FC6963D9 /* Pods-mentosGeyser.debug.xcconfig */,
				F2476D90124F19E2A25ECCFC /* Pods-mentosGeyser.release.xcconfig */,
				1196B82CDF86841F27F4A7C8 /* Pods-mentosGeyser-mentosGeyserUITests.debug.xcconfig */,
				D22FAE1D27D1B10F50FD6DD9 /* Pods-mentosGeyser-mentosGeyserUITests.release.xcconfig */,
				0FEFFBC762D5FDB818E36400 /* Pods-mentosGeyserTests.debug.xcconfig */,
				99C80D1A6B50589F37951A0E /* Pods-mentosGeyserTests.release.xcconfig */,
			);
			path = Pods;
			sourceTree = "<group>";
		};
/* End PBXGroup section */

/* Begin PBXNativeTarget section */
		02398BAC24D85E7B0049C53E /* mentosGeyser */ = {
			isa = PBXNativeTarget;
			buildConfigurationList = 02398BD724D85E840049C53E /* Build configuration list for PBXNativeTarget "mentosGeyser" */;
			buildPhases = (
				C94A3F29ABD2F0921A3E0D12 /* [CP] Check Pods Manifest.lock */,
				02398BA924D85E7B0049C53E /* Sources */,
				02398BAA24D85E7B0049C53E /* Frameworks */,
				02398BAB24D85E7B0049C53E /* Resources */,
			);
			buildRules = (
			);
			dependencies = (
			);
			name = mentosGeyser;
			productName = mentosGeyser;
			productReference = 02398BAD24D85E7B0049C53E /* mentosGeyser.app */;
			productType = "com.apple.product-type.application";
		};
		02398BC224D85E840049C53E /* mentosGeyserTests */ = {
			isa = PBXNativeTarget;
			buildConfigurationList = 02398BDA24D85E840049C53E /* Build configuration list for PBXNativeTarget "mentosGeyserTests" */;
			buildPhases = (
				1B33FD3844C05F048722BF9F /* [CP] Check Pods Manifest.lock */,
				02398BBF24D85E840049C53E /* Sources */,
				02398BC024D85E840049C53E /* Frameworks */,
				02398BC124D85E840049C53E /* Resources */,
			);
			buildRules = (
			);
			dependencies = (
				02398BC524D85E840049C53E /* PBXTargetDependency */,
			);
			name = mentosGeyserTests;
			productName = mentosGeyserTests;
			productReference = 02398BC324D85E840049C53E /* mentosGeyserTests.xctest */;
			productType = "com.apple.product-type.bundle.unit-test";
		};
		02398BCD24D85E840049C53E /* mentosGeyserUITests */ = {
			isa = PBXNativeTarget;
			buildConfigurationList = 02398BDD24D85E840049C53E /* Build configuration list for PBXNativeTarget "mentosGeyserUITests" */;
			buildPhases = (
				B028D6DBA009011386AE6E07 /* [CP] Check Pods Manifest.lock */,
				02398BCA24D85E840049C53E /* Sources */,
				02398BCB24D85E840049C53E /* Frameworks */,
				02398BCC24D85E840049C53E /* Resources */,
			);
			buildRules = (
			);
			dependencies = (
				02398BD024D85E840049C53E /* PBXTargetDependency */,
			);
			name = mentosGeyserUITests;
			productName = mentosGeyserUITests;
			productReference = 02398BCE24D85E840049C53E /* mentosGeyserUITests.xctest */;
			productType = "com.apple.product-type.bundle.ui-testing";
		};
/* End PBXNativeTarget section */

/* Begin PBXProject section */
		02398BA524D85E7B0049C53E /* Project object */ = {
			isa = PBXProject;
			attributes = {
				LastSwiftUpdateCheck = 1160;
				LastUpgradeCheck = 1160;
				ORGANIZATIONNAME = "Takeru Yufune";
				TargetAttributes = {
					02398BAC24D85E7B0049C53E = {
						CreatedOnToolsVersion = 11.6;
					};
					02398BC224D85E840049C53E = {
						CreatedOnToolsVersion = 11.6;
						TestTargetID = 02398BAC24D85E7B0049C53E;
					};
					02398BCD24D85E840049C53E = {
						CreatedOnToolsVersion = 11.6;
						TestTargetID = 02398BAC24D85E7B0049C53E;
					};
				};
			};
			buildConfigurationList = 02398BA824D85E7B0049C53E /* Build configuration list for PBXProject "mentosGeyser" */;
			compatibilityVersion = "Xcode 9.3";
			developmentRegion = en;
			hasScannedForEncodings = 0;
			knownRegions = (
				en,
				Base,
			);
			mainGroup = 02398BA424D85E7B0049C53E;
			productRefGroup = 02398BAE24D85E7B0049C53E /* Products */;
			projectDirPath = "";
			projectRoot = "";
			targets = (
				02398BAC24D85E7B0049C53E /* mentosGeyser */,
				02398BC224D85E840049C53E /* mentosGeyserTests */,
				02398BCD24D85E840049C53E /* mentosGeyserUITests */,
			);
		};
/* End PBXProject section */

/* Begin PBXResourcesBuildPhase section */
		02398BAB24D85E7B0049C53E /* Resources */ = {
			isa = PBXResourcesBuildPhase;
			buildActionMask = 2147483647;
			files = (
				02398BBD24D85E840049C53E /* LaunchScreen.storyboard in Resources */,
				02398BBA24D85E840049C53E /* Assets.xcassets in Resources */,
				02398BB824D85E7B0049C53E /* Main.storyboard in Resources */,
			);
			runOnlyForDeploymentPostprocessing = 0;
		};
		02398BC124D85E840049C53E /* Resources */ = {
			isa = PBXResourcesBuildPhase;
			buildActionMask = 2147483647;
			files = (
			);
			runOnlyForDeploymentPostprocessing = 0;
		};
		02398BCC24D85E840049C53E /* Resources */ = {
			isa = PBXResourcesBuildPhase;
			buildActionMask = 2147483647;
			files = (
			);
			runOnlyForDeploymentPostprocessing = 0;
		};
/* End PBXResourcesBuildPhase section */

/* Begin PBXShellScriptBuildPhase section */
		1B33FD3844C05F048722BF9F /* [CP] Check Pods Manifest.lock */ = {
			isa = PBXShellScriptBuildPhase;
			buildActionMask = 2147483647;
			files = (
			);
			inputFileListPaths = (
			);
			inputPaths = (
				"${PODS_PODFILE_DIR_PATH}/Podfile.lock",
				"${PODS_ROOT}/Manifest.lock",
			);
			name = "[CP] Check Pods Manifest.lock";
			outputFileListPaths = (
			);
			outputPaths = (
				"$(DERIVED_FILE_DIR)/Pods-mentosGeyserTests-checkManifestLockResult.txt",
			);
			runOnlyForDeploymentPostprocessing = 0;
			shellPath = /bin/sh;
			shellScript = "diff \"${PODS_PODFILE_DIR_PATH}/Podfile.lock\" \"${PODS_ROOT}/Manifest.lock\" > /dev/null\nif [ $? != 0 ] ; then\n    # print error to STDERR\n    echo \"error: The sandbox is not in sync with the Podfile.lock. Run 'pod install' or update your CocoaPods installation.\" >&2\n    exit 1\nfi\n# This output is used by Xcode 'outputs' to avoid re-running this script phase.\necho \"SUCCESS\" > \"${SCRIPT_OUTPUT_FILE_0}\"\n";
			showEnvVarsInLog = 0;
		};
		B028D6DBA009011386AE6E07 /* [CP] Check Pods Manifest.lock */ = {
			isa = PBXShellScriptBuildPhase;
			buildActionMask = 2147483647;
			files = (
			);
			inputFileListPaths = (
			);
			inputPaths = (
				"${PODS_PODFILE_DIR_PATH}/Podfile.lock",
				"${PODS_ROOT}/Manifest.lock",
			);
			name = "[CP] Check Pods Manifest.lock";
			outputFileListPaths = (
			);
			outputPaths = (
				"$(DERIVED_FILE_DIR)/Pods-mentosGeyser-mentosGeyserUITests-checkManifestLockResult.txt",
			);
			runOnlyForDeploymentPostprocessing = 0;
			shellPath = /bin/sh;
			shellScript = "diff \"${PODS_PODFILE_DIR_PATH}/Podfile.lock\" \"${PODS_ROOT}/Manifest.lock\" > /dev/null\nif [ $? != 0 ] ; then\n    # print error to STDERR\n    echo \"error: The sandbox is not in sync with the Podfile.lock. Run 'pod install' or update your CocoaPods installation.\" >&2\n    exit 1\nfi\n# This output is used by Xcode 'outputs' to avoid re-running this script phase.\necho \"SUCCESS\" > \"${SCRIPT_OUTPUT_FILE_0}\"\n";
			showEnvVarsInLog = 0;
		};
		C94A3F29ABD2F0921A3E0D12 /* [CP] Check Pods Manifest.lock */ = {
			isa = PBXShellScriptBuildPhase;
			buildActionMask = 2147483647;
			files = (
			);
			inputFileListPaths = (
			);
			inputPaths = (
				"${PODS_PODFILE_DIR_PATH}/Podfile.lock",
				"${PODS_ROOT}/Manifest.lock",
			);
			name = "[CP] Check Pods Manifest.lock";
			outputFileListPaths = (
			);
			outputPaths = (
				"$(DERIVED_FILE_DIR)/Pods-mentosGeyser-checkManifestLockResult.txt",
			);
			runOnlyForDeploymentPostprocessing = 0;
			shellPath = /bin/sh;
			shellScript = "diff \"${PODS_PODFILE_DIR_PATH}/Podfile.lock\" \"${PODS_ROOT}/Manifest.lock\" > /dev/null\nif [ $? != 0 ] ; then\n    # print error to STDERR\n    echo \"error: The sandbox is not in sync with the Podfile.lock. Run 'pod install' or update your CocoaPods installation.\" >&2\n    exit 1\nfi\n# This output is used by Xcode 'outputs' to avoid re-running this script phase.\necho \"SUCCESS\" > \"${SCRIPT_OUTPUT_FILE_0}\"\n";
			showEnvVarsInLog = 0;
		};
/* End PBXShellScriptBuildPhase section */

/* Begin PBXSourcesBuildPhase section */
		02398BA924D85E7B0049C53E /* Sources */ = {
			isa = PBXSourcesBuildPhase;
			buildActionMask = 2147483647;
			files = (
				02398BB524D85E7B0049C53E /* ViewController.swift in Sources */,
				02398BB124D85E7B0049C53E /* AppDelegate.swift in Sources */,
				02398BB324D85E7B0049C53E /* SceneDelegate.swift in Sources */,
			);
			runOnlyForDeploymentPostprocessing = 0;
		};
		02398BBF24D85E840049C53E /* Sources */ = {
			isa = PBXSourcesBuildPhase;
			buildActionMask = 2147483647;
			files = (
				02398BC824D85E840049C53E /* mentosGeyserTests.swift in Sources */,
			);
			runOnlyForDeploymentPostprocessing = 0;
		};
		02398BCA24D85E840049C53E /* Sources */ = {
			isa = PBXSourcesBuildPhase;
			buildActionMask = 2147483647;
			files = (
				02398BD324D85E840049C53E /* mentosGeyserUITests.swift in Sources */,
			);
			runOnlyForDeploymentPostprocessing = 0;
		};
/* End PBXSourcesBuildPhase section */

/* Begin PBXTargetDependency section */
		02398BC524D85E840049C53E /* PBXTargetDependency */ = {
			isa = PBXTargetDependency;
			target = 02398BAC24D85E7B0049C53E /* mentosGeyser */;
			targetProxy = 02398BC424D85E840049C53E /* PBXContainerItemProxy */;
		};
		02398BD024D85E840049C53E /* PBXTargetDependency */ = {
			isa = PBXTargetDependency;
			target = 02398BAC24D85E7B0049C53E /* mentosGeyser */;
			targetProxy = 02398BCF24D85E840049C53E /* PBXContainerItemProxy */;
		};
/* End PBXTargetDependency section */

/* Begin PBXVariantGroup section */
		02398BB624D85E7B0049C53E /* Main.storyboard */ = {
			isa = PBXVariantGroup;
			children = (
				02398BB724D85E7B0049C53E /* Base */,
			);
			name = Main.storyboard;
			sourceTree = "<group>";
		};
		02398BBB24D85E840049C53E /* LaunchScreen.storyboard */ = {
			isa = PBXVariantGroup;
			children = (
				02398BBC24D85E840049C53E /* Base */,
			);
			name = LaunchScreen.storyboard;
			sourceTree = "<group>";
		};
/* End PBXVariantGroup section */

/* Begin XCBuildConfiguration section */
		02398BD524D85E840049C53E /* Debug */ = {
			isa = XCBuildConfiguration;
			buildSettings = {
				ALWAYS_SEARCH_USER_PATHS = NO;
				CLANG_ANALYZER_NONNULL = YES;
				CLANG_ANALYZER_NUMBER_OBJECT_CONVERSION = YES_AGGRESSIVE;
				CLANG_CXX_LANGUAGE_STANDARD = "gnu++14";
				CLANG_CXX_LIBRARY = "libc++";
				CLANG_ENABLE_MODULES = YES;
				CLANG_ENABLE_OBJC_ARC = YES;
				CLANG_ENABLE_OBJC_WEAK = YES;
				CLANG_WARN_BLOCK_CAPTURE_AUTORELEASING = YES;
				CLANG_WARN_BOOL_CONVERSION = YES;
				CLANG_WARN_COMMA = YES;
				CLANG_WARN_CONSTANT_CONVERSION = YES;
				CLANG_WARN_DEPRECATED_OBJC_IMPLEMENTATIONS = YES;
				CLANG_WARN_DIRECT_OBJC_ISA_USAGE = YES_ERROR;
				CLANG_WARN_DOCUMENTATION_COMMENTS = YES;
				CLANG_WARN_EMPTY_BODY = YES;
				CLANG_WARN_ENUM_CONVERSION = YES;
				CLANG_WARN_INFINITE_RECURSION = YES;
				CLANG_WARN_INT_CONVERSION = YES;
				CLANG_WARN_NON_LITERAL_NULL_CONVERSION = YES;
				CLANG_WARN_OBJC_IMPLICIT_RETAIN_SELF = YES;
				CLANG_WARN_OBJC_LITERAL_CONVERSION = YES;
				CLANG_WARN_OBJC_ROOT_CLASS = YES_ERROR;
				CLANG_WARN_RANGE_LOOP_ANALYSIS = YES;
				CLANG_WARN_STRICT_PROTOTYPES = YES;
				CLANG_WARN_SUSPICIOUS_MOVE = YES;
				CLANG_WARN_UNGUARDED_AVAILABILITY = YES_AGGRESSIVE;
				CLANG_WARN_UNREACHABLE_CODE = YES;
				CLANG_WARN__DUPLICATE_METHOD_MATCH = YES;
				COPY_PHASE_STRIP = NO;
				DEBUG_INFORMATION_FORMAT = dwarf;
				ENABLE_STRICT_OBJC_MSGSEND = YES;
				ENABLE_TESTABILITY = YES;
				GCC_C_LANGUAGE_STANDARD = gnu11;
				GCC_DYNAMIC_NO_PIC = NO;
				GCC_NO_COMMON_BLOCKS = YES;
				GCC_OPTIMIZATION_LEVEL = 0;
				GCC_PREPROCESSOR_DEFINITIONS = (
					"DEBUG=1",
					"$(inherited)",
				);
				GCC_WARN_64_TO_32_BIT_CONVERSION = YES;
				GCC_WARN_ABOUT_RETURN_TYPE = YES_ERROR;
				GCC_WARN_UNDECLARED_SELECTOR = YES;
				GCC_WARN_UNINITIALIZED_AUTOS = YES_AGGRESSIVE;
				GCC_WARN_UNUSED_FUNCTION = YES;
				GCC_WARN_UNUSED_VARIABLE = YES;
				IPHONEOS_DEPLOYMENT_TARGET = 13.6;
				MTL_ENABLE_DEBUG_INFO = INCLUDE_SOURCE;
				MTL_FAST_MATH = YES;
				ONLY_ACTIVE_ARCH = YES;
				SDKROOT = iphoneos;
				SWIFT_ACTIVE_COMPILATION_CONDITIONS = DEBUG;
				SWIFT_OPTIMIZATION_LEVEL = "-Onone";
			};
			name = Debug;
		};
		02398BD624D85E840049C53E /* Release */ = {
			isa = XCBuildConfiguration;
			buildSettings = {
				ALWAYS_SEARCH_USER_PATHS = NO;
				CLANG_ANALYZER_NONNULL = YES;
				CLANG_ANALYZER_NUMBER_OBJECT_CONVERSION = YES_AGGRESSIVE;
				CLANG_CXX_LANGUAGE_STANDARD = "gnu++14";
				CLANG_CXX_LIBRARY = "libc++";
				CLANG_ENABLE_MODULES = YES;
				CLANG_ENABLE_OBJC_ARC = YES;
				CLANG_ENABLE_OBJC_WEAK = YES;
				CLANG_WARN_BLOCK_CAPTURE_AUTORELEASING = YES;
				CLANG_WARN_BOOL_CONVERSION = YES;
				CLANG_WARN_COMMA = YES;
				CLANG_WARN_CONSTANT_CONVERSION = YES;
				CLANG_WARN_DEPRECATED_OBJC_IMPLEMENTATIONS = YES;
				CLANG_WARN_DIRECT_OBJC_ISA_USAGE = YES_ERROR;
				CLANG_WARN_DOCUMENTATION_COMMENTS = YES;
				CLANG_WARN_EMPTY_BODY = YES;
				CLANG_WARN_ENUM_CONVERSION = YES;
				CLANG_WARN_INFINITE_RECURSION = YES;
				CLANG_WARN_INT_CONVERSION = YES;
				CLANG_WARN_NON_LITERAL_NULL_CONVERSION = YES;
				CLANG_WARN_OBJC_IMPLICIT_RETAIN_SELF = YES;
				CLANG_WARN_OBJC_LITERAL_CONVERSION = YES;
				CLANG_WARN_OBJC_ROOT_CLASS = YES_ERROR;
				CLANG_WARN_RANGE_LOOP_ANALYSIS = YES;
				CLANG_WARN_STRICT_PROTOTYPES = YES;
				CLANG_WARN_SUSPICIOUS_MOVE = YES;
				CLANG_WARN_UNGUARDED_AVAILABILITY = YES_AGGRESSIVE;
				CLANG_WARN_UNREACHABLE_CODE = YES;
				CLANG_WARN__DUPLICATE_METHOD_MATCH = YES;
				COPY_PHASE_STRIP = NO;
				DEBUG_INFORMATION_FORMAT = "dwarf-with-dsym";
				ENABLE_NS_ASSERTIONS = NO;
				ENABLE_STRICT_OBJC_MSGSEND = YES;
				GCC_C_LANGUAGE_STANDARD = gnu11;
				GCC_NO_COMMON_BLOCKS = YES;
				GCC_WARN_64_TO_32_BIT_CONVERSION = YES;
				GCC_WARN_ABOUT_RETURN_TYPE = YES_ERROR;
				GCC_WARN_UNDECLARED_SELECTOR = YES;
				GCC_WARN_UNINITIALIZED_AUTOS = YES_AGGRESSIVE;
				GCC_WARN_UNUSED_FUNCTION = YES;
				GCC_WARN_UNUSED_VARIABLE = YES;
				IPHONEOS_DEPLOYMENT_TARGET = 13.6;
				MTL_ENABLE_DEBUG_INFO = NO;
				MTL_FAST_MATH = YES;
				SDKROOT = iphoneos;
				SWIFT_COMPILATION_MODE = wholemodule;
				SWIFT_OPTIMIZATION_LEVEL = "-O";
				VALIDATE_PRODUCT = YES;
			};
			name = Release;
		};
		02398BD824D85E840049C53E /* Debug */ = {
			isa = XCBuildConfiguration;
			baseConfigurationReference = D118B6F5C6FF1721FC6963D9 /* Pods-mentosGeyser.debug.xcconfig */;
			buildSettings = {
				ASSETCATALOG_COMPILER_APPICON_NAME = AppIcon;
				CODE_SIGN_STYLE = Automatic;
				DEVELOPMENT_TEAM = 32R8ZWSZ8D;
				INFOPLIST_FILE = mentosGeyser/Info.plist;
				IPHONEOS_DEPLOYMENT_TARGET = 13.5;
				LD_RUNPATH_SEARCH_PATHS = (
					"$(inherited)",
					"@executable_path/Frameworks",
				);
				PRODUCT_BUNDLE_IDENTIFIER = com.takeruyufune.mentosGeyser;
				PRODUCT_NAME = "$(TARGET_NAME)";
				SWIFT_VERSION = 5.0;
				TARGETED_DEVICE_FAMILY = "1,2";
			};
			name = Debug;
		};
		02398BD924D85E840049C53E /* Release */ = {
			isa = XCBuildConfiguration;
			baseConfigurationReference = F2476D90124F19E2A25ECCFC /* Pods-mentosGeyser.release.xcconfig */;
			buildSettings = {
				ASSETCATALOG_COMPILER_APPICON_NAME = AppIcon;
				CODE_SIGN_STYLE = Automatic;
				DEVELOPMENT_TEAM = 32R8ZWSZ8D;
				INFOPLIST_FILE = mentosGeyser/Info.plist;
				IPHONEOS_DEPLOYMENT_TARGET = 13.5;
				LD_RUNPATH_SEARCH_PATHS = (
					"$(inherited)",
					"@executable_path/Frameworks",
				);
				PRODUCT_BUNDLE_IDENTIFIER = com.takeruyufune.mentosGeyser;
				PRODUCT_NAME = "$(TARGET_NAME)";
				SWIFT_VERSION = 5.0;
				TARGETED_DEVICE_FAMILY = "1,2";
			};
			name = Release;
		};
		02398BDB24D85E840049C53E /* Debug */ = {
			isa = XCBuildConfiguration;
			baseConfigurationReference = 0FEFFBC762D5FDB818E36400 /* Pods-mentosGeyserTests.debug.xcconfig */;
			buildSettings = {
				ALWAYS_EMBED_SWIFT_STANDARD_LIBRARIES = YES;
				BUNDLE_LOADER = "$(TEST_HOST)";
				CODE_SIGN_STYLE = Automatic;
				DEVELOPMENT_TEAM = 32R8ZWSZ8D;
				INFOPLIST_FILE = mentosGeyserTests/Info.plist;
				IPHONEOS_DEPLOYMENT_TARGET = 13.6;
				LD_RUNPATH_SEARCH_PATHS = (
					"$(inherited)",
					"@executable_path/Frameworks",
					"@loader_path/Frameworks",
				);
				PRODUCT_BUNDLE_IDENTIFIER = com.takeruyufune.mentosGeyserTests;
				PRODUCT_NAME = "$(TARGET_NAME)";
				SWIFT_VERSION = 5.0;
				TARGETED_DEVICE_FAMILY = "1,2";
				TEST_HOST = "$(BUILT_PRODUCTS_DIR)/mentosGeyser.app/mentosGeyser";
			};
			name = Debug;
		};
		02398BDC24D85E840049C53E /* Release */ = {
			isa = XCBuildConfiguration;
			baseConfigurationReference = 99C80D1A6B50589F37951A0E /* Pods-mentosGeyserTests.release.xcconfig */;
			buildSettings = {
				ALWAYS_EMBED_SWIFT_STANDARD_LIBRARIES = YES;
				BUNDLE_LOADER = "$(TEST_HOST)";
				CODE_SIGN_STYLE = Automatic;
				DEVELOPMENT_TEAM = 32R8ZWSZ8D;
				INFOPLIST_FILE = mentosGeyserTests/Info.plist;
				IPHONEOS_DEPLOYMENT_TARGET = 13.6;
				LD_RUNPATH_SEARCH_PATHS = (
					"$(inherited)",
					"@executable_path/Frameworks",
					"@loader_path/Frameworks",
				);
				PRODUCT_BUNDLE_IDENTIFIER = com.takeruyufune.mentosGeyserTests;
				PRODUCT_NAME = "$(TARGET_NAME)";
				SWIFT_VERSION = 5.0;
				TARGETED_DEVICE_FAMILY = "1,2";
				TEST_HOST = "$(BUILT_PRODUCTS_DIR)/mentosGeyser.app/mentosGeyser";
			};
			name = Release;
		};
		02398BDE24D85E840049C53E /* Debug */ = {
			isa = XCBuildConfiguration;
			baseConfigurationReference = 1196B82CDF86841F27F4A7C8 /* Pods-mentosGeyser-mentosGeyserUITests.debug.xcconfig */;
			buildSettings = {
				ALWAYS_EMBED_SWIFT_STANDARD_LIBRARIES = YES;
				CODE_SIGN_STYLE = Automatic;
				DEVELOPMENT_TEAM = 32R8ZWSZ8D;
				INFOPLIST_FILE = mentosGeyserUITests/Info.plist;
				LD_RUNPATH_SEARCH_PATHS = (
					"$(inherited)",
					"@executable_path/Frameworks",
					"@loader_path/Frameworks",
				);
				PRODUCT_BUNDLE_IDENTIFIER = com.takeruyufune.mentosGeyserUITests;
				PRODUCT_NAME = "$(TARGET_NAME)";
				SWIFT_VERSION = 5.0;
				TARGETED_DEVICE_FAMILY = "1,2";
				TEST_TARGET_NAME = mentosGeyser;
			};
			name = Debug;
		};
		02398BDF24D85E840049C53E /* Release */ = {
			isa = XCBuildConfiguration;
			baseConfigurationReference = D22FAE1D27D1B10F50FD6DD9 /* Pods-mentosGeyser-mentosGeyserUITests.release.xcconfig */;
			buildSettings = {
				ALWAYS_EMBED_SWIFT_STANDARD_LIBRARIES = YES;
				CODE_SIGN_STYLE = Automatic;
				DEVELOPMENT_TEAM = 32R8ZWSZ8D;
				INFOPLIST_FILE = mentosGeyserUITests/Info.plist;
				LD_RUNPATH_SEARCH_PATHS = (
					"$(inherited)",
					"@executable_path/Frameworks",
					"@loader_path/Frameworks",
				);
				PRODUCT_BUNDLE_IDENTIFIER = com.takeruyufune.mentosGeyserUITests;
				PRODUCT_NAME = "$(TARGET_NAME)";
				SWIFT_VERSION = 5.0;
				TARGETED_DEVICE_FAMILY = "1,2";
				TEST_TARGET_NAME = mentosGeyser;
			};
			name = Release;
		};
/* End XCBuildConfiguration section */

/* Begin XCConfigurationList section */
		02398BA824D85E7B0049C53E /* Build configuration list for PBXProject "mentosGeyser" */ = {
			isa = XCConfigurationList;
			buildConfigurations = (
				02398BD524D85E840049C53E /* Debug */,
				02398BD624D85E840049C53E /* Release */,
			);
			defaultConfigurationIsVisible = 0;
			defaultConfigurationName = Release;
		};
		02398BD724D85E840049C53E /* Build configuration list for PBXNativeTarget "mentosGeyser" */ = {
			isa = XCConfigurationList;
			buildConfigurations = (
				02398BD824D85E840049C53E /* Debug */,
				02398BD924D85E840049C53E /* Release */,
			);
			defaultConfigurationIsVisible = 0;
			defaultConfigurationName = Release;
		};
		02398BDA24D85E840049C53E /* Build configuration list for PBXNativeTarget "mentosGeyserTests" */ = {
			isa = XCConfigurationList;
			buildConfigurations = (
				02398BDB24D85E840049C53E /* Debug */,
				02398BDC24D85E840049C53E /* Release */,
			);
			defaultConfigurationIsVisible = 0;
			defaultConfigurationName = Release;
		};
		02398BDD24D85E840049C53E /* Build configuration list for PBXNativeTarget "mentosGeyserUITests" */ = {
			isa = XCConfigurationList;
			buildConfigurations = (
				02398BDE24D85E840049C53E /* Debug */,
				02398BDF24D85E840049C53E /* Release */,
			);
			defaultConfigurationIsVisible = 0;
			defaultConfigurationName = Release;
		};
/* End XCConfigurationList section */
	};
	rootObject = 02398BA524D85E7B0049C53E /* Project object */;
}
